{
  "version": 4,
  "terraform_version": "1.2.3",
  "serial": 17,
  "lineage": "0407b3d4-d932-8847-b583-787de7d71553",
  "outputs": {},
  "resources": [
    {
      "mode": "managed",
      "type": "aws_iam_policy",
      "name": "iam_policy_for_lambda_turn_on_server_role",
      "provider": "provider[\"registry.terraform.io/hashicorp/aws\"]",
      "instances": [
        {
          "schema_version": 0,
          "attributes": {
            "arn": "arn:aws:iam::807845893567:policy/iam_policy_for_lambda_turn_on_server_role",
            "description": "AWS IAM Policy for managing aws lambda role",
            "id": "arn:aws:iam::807845893567:policy/iam_policy_for_lambda_turn_on_server_role",
            "name": "iam_policy_for_lambda_turn_on_server_role",
            "name_prefix": null,
            "path": "/",
            "policy": "{\"Statement\":[{\"Action\":[\"s3:ListBucket\",\"s3:GetObject\",\"ec2:DescribeAccountAttributes\",\"s3:GetBucketPolicy\",\"s3:GetBucketAcl\",\"s3:GetBucketCORS\",\"s3:GetBucketWebsite\",\"s3:GetBucketVersioning\",\"s3:GetAccelerateConfiguration\",\"s3:GetBucketRequestPayment\",\"s3:GetBucketLogging\",\"s3:GetLifecycleConfiguration\",\"s3:GetReplicationConfiguration\",\"s3:GetEncryptionConfiguration\",\"s3:GetBucketObjectLockConfiguration\",\"s3:GetBucketTagging\",\"ec2:ImportKeyPair\",\"ec2:CreateTags\",\"ec2:DescribeKeyPairs\",\"s3:PutLifecycleConfiguration\",\"iam:CreateInstanceProfile\",\"iam:CreateRole\",\"iam:GetInstanceProfile\",\"iam:GetRole\",\"iam:AddRoleToInstanceProfile\",\"iam:PassRole\",\"iam:ListRolePolicies\",\"ec2:RequestSpotInstances\",\"iam:ListAttachedRolePolicies\",\"iam:PutRolePolicy\",\"iam:GetRolePolicy\",\"ec2:DescribeSpotInstanceRequests\",\"ec2:DescribeInstances\",\"ec2:DescribeVolumes\",\"ec2:DescribeVpcs\",\"ec2:CancelSpotInstanceRequests\",\"s3:PutObject\",\"logs:CreateLogGroup\",\"logs:CreateLogStream\",\"logs:PutLogEvents\",\"ec2:CreateNetworkInterface\",\"ec2:DescribeNetworkInterfaces\",\"ec2:DeleteNetworkInterface\"],\"Effect\":\"Allow\",\"Resource\":\"*\"}],\"Version\":\"2012-10-17\"}",
            "policy_id": "ANPA3YF26CW7RM6NYPNQN",
            "tags": {},
            "tags_all": {}
          },
          "sensitive_attributes": [],
          "private": "bnVsbA=="
        }
      ]
    },
    {
      "mode": "managed",
      "type": "aws_iam_role",
      "name": "turn_on_server_role",
      "provider": "provider[\"registry.terraform.io/hashicorp/aws\"]",
      "instances": [
        {
          "schema_version": 0,
          "attributes": {
            "arn": "arn:aws:iam::807845893567:role/minecraft_lambda_turn_on_server",
            "assume_role_policy": "{\"Statement\":[{\"Action\":\"sts:AssumeRole\",\"Effect\":\"Allow\",\"Principal\":{\"Service\":\"lambda.amazonaws.com\"},\"Sid\":\"\"}],\"Version\":\"2012-10-17\"}",
            "create_date": "2022-10-04T14:46:01Z",
            "description": "",
            "force_detach_policies": false,
            "id": "minecraft_lambda_turn_on_server",
            "inline_policy": [],
            "managed_policy_arns": [
              "arn:aws:iam::807845893567:policy/iam_policy_for_lambda_turn_on_server_role"
            ],
            "max_session_duration": 3600,
            "name": "minecraft_lambda_turn_on_server",
            "name_prefix": "",
            "path": "/",
            "permissions_boundary": null,
            "tags": {},
            "tags_all": {},
            "unique_id": "AROA3YF26CW7QR5VGDNBE"
          },
          "sensitive_attributes": [],
          "private": "bnVsbA=="
        }
      ]
    },
    {
      "mode": "managed",
      "type": "aws_iam_role_policy_attachment",
      "name": "attach_iam_policy_to_iam_role",
      "provider": "provider[\"registry.terraform.io/hashicorp/aws\"]",
      "instances": [
        {
          "schema_version": 0,
          "attributes": {
            "id": "minecraft_lambda_turn_on_server-20221004144602369400000001",
            "policy_arn": "arn:aws:iam::807845893567:policy/iam_policy_for_lambda_turn_on_server_role",
            "role": "minecraft_lambda_turn_on_server"
          },
          "sensitive_attributes": [],
          "private": "bnVsbA==",
          "dependencies": [
            "aws_iam_policy.iam_policy_for_lambda_turn_on_server_role",
            "aws_iam_role.turn_on_server_role"
          ]
        }
      ]
    },
    {
      "mode": "managed",
      "type": "aws_lambda_function",
      "name": "lambda_minecraft_turn_on_server",
      "provider": "provider[\"registry.terraform.io/hashicorp/aws\"]",
      "instances": [
        {
          "schema_version": 0,
          "attributes": {
            "architectures": [
              "x86_64"
            ],
            "arn": "arn:aws:lambda:eu-west-2:807845893567:function:minecraft_turn_on_server",
            "code_signing_config_arn": "",
            "dead_letter_config": [],
            "description": "",
            "environment": [
              {
                "variables": {
                  "TF_VAR_privatekeyLocation": "/etc/infrastructure/minecraftserver.pem",
                  "TF_VAR_publickey": "ssh-rsa AAAAB3NzaC1yc2EAAAADAQABAAABAQCiwoNG9TpCYGowdld4T78/+bj5skZBeX6n9X06iqE381vE5dXzZrrm1/ZQxsRvGErOK7SpULzOfcxJ1rwe/0mnneKg6BrlPq2u7UpigF7+Hk62hCQiXSbzH/bTRSNtUYiyx+oxcbjw42LO4j8O2CFtCC2294XUM/hMyUAqCTWCLiRDs034c1qG0rQvu+3aE2CE1swFmaLoZ4iQR1b5iOLm3HeFJ3kpUqQ6FZDTzEO7kFnumgvymZdI8oxtgXAVlnHTHf+xUiGlPDpdBYZbuGvPuOxELBzwvQ4k7LrhiaUTK4w2EqP1u0cz8HFAupWBVp+kSuk/1hYza/65LODJHwuz"
                }
              }
            ],
            "ephemeral_storage": [
              {
                "size": 2048
              }
            ],
            "file_system_config": [],
            "filename": null,
            "function_name": "minecraft_turn_on_server",
            "handler": "",
            "id": "minecraft_turn_on_server",
            "image_config": [
              {
                "command": [
                  "index.onSwitch"
                ],
                "entry_point": [],
                "working_directory": ""
              }
            ],
            "image_uri": "807845893567.dkr.ecr.eu-west-2.amazonaws.com/minecraft-repository@sha256:becdb353d11aaa7bf1e769e2c392b32cea1dff97856f3c47e68e8f2742250e7d",
            "invoke_arn": "arn:aws:apigateway:eu-west-2:lambda:path/2015-03-31/functions/arn:aws:lambda:eu-west-2:807845893567:function:minecraft_turn_on_server/invocations",
            "kms_key_arn": "",
            "last_modified": "2022-10-04T14:50:48.000+0000",
            "layers": [],
            "memory_size": 3008,
            "package_type": "Image",
            "publish": false,
            "qualified_arn": "arn:aws:lambda:eu-west-2:807845893567:function:minecraft_turn_on_server:$LATEST",
            "qualified_invoke_arn": "arn:aws:apigateway:eu-west-2:lambda:path/2015-03-31/functions/arn:aws:lambda:eu-west-2:807845893567:function:minecraft_turn_on_server:$LATEST/invocations",
            "reserved_concurrent_executions": -1,
            "role": "arn:aws:iam::807845893567:role/minecraft_lambda_turn_on_server",
            "runtime": "",
            "s3_bucket": null,
            "s3_key": null,
            "s3_object_version": null,
            "signing_job_arn": "",
            "signing_profile_version_arn": "",
            "source_code_hash": "becdb353d11aaa7bf1e769e2c392b32cea1dff97856f3c47e68e8f2742250e7d",
            "source_code_size": 0,
            "tags": {
              "Name": "minecraft"
            },
            "tags_all": {
              "Name": "minecraft"
            },
            "timeout": 600,
            "timeouts": null,
            "tracing_config": [
              {
                "mode": "PassThrough"
              }
            ],
            "version": "$LATEST",
            "vpc_config": []
          },
          "sensitive_attributes": [],
          "private": "eyJlMmJmYjczMC1lY2FhLTExZTYtOGY4OC0zNDM2M2JjN2M0YzAiOnsiY3JlYXRlIjo2MDAwMDAwMDAwMDB9fQ==",
          "dependencies": [
            "aws_iam_policy.iam_policy_for_lambda_turn_on_server_role",
            "aws_iam_role.turn_on_server_role",
            "aws_iam_role_policy_attachment.attach_iam_policy_to_iam_role"
          ]
        }
      ]
    }
  ]
}
