{
  "version": 4,
  "terraform_version": "1.2.3",
  "serial": 4,
  "lineage": "f71c2a74-b4a3-9b21-bd72-c382dd933a42",
  "outputs": {},
  "resources": [
    {
      "mode": "managed",
      "type": "aws_key_pair",
      "name": "ssh-key",
      "provider": "provider[\"registry.terraform.io/hashicorp/aws\"]",
      "instances": [
        {
          "schema_version": 1,
          "attributes": {
            "arn": "arn:aws:ec2:eu-west-2:807845893567:key-pair/ssh-key",
            "fingerprint": "a3:91:60:e1:e5:91:df:42:2e:b2:56:49:dc:b9:1d:e7",
            "id": "ssh-key",
            "key_name": "ssh-key",
            "key_name_prefix": "",
            "key_pair_id": "key-03d8c40b9a635f503",
            "public_key": "ssh-rsa AAAAB3NzaC1yc2EAAAADAQABAAABAQCUtVGOFAS2NuRC6YA95U0LlfrvbXYzNfqDEUd0SGfMK/GBCUDoWYUseiiwNUl/7BRErkAwruJVJbsp6QdCERps5qvX/EOqSv28GHDfYlG5bz8EdbF2TkILhiVNaoqOaXOCbWyZCYehCLXW2XgdVqI/SxgSqlegBfab7gm03VszKKQjpWlFYYlxNTHuk2FsEhykvdbmBfDANXlfS+ivNArEG2jRucme0DbdpsTX0+CJWQ3KMtPgHsemY+4VhFMLVfarAp4Fx9tWoW9mVXH6aG/9kJHYKVHnwynTNzrrmGatn/iFqAQQtjrYNPgq5N0p1So8TuhWOZN6pQSYzHO4dXVN",
            "tags": null,
            "tags_all": {}
          },
          "sensitive_attributes": [],
          "private": "eyJzY2hlbWFfdmVyc2lvbiI6IjEifQ=="
        }
      ]
    }
  ]
}
