{
  "version": 4,
  "terraform_version": "1.2.3",
  "serial": 114,
  "lineage": "f71c2a74-b4a3-9b21-bd72-c382dd933a42",
  "outputs": {
    "instance_ip": {
      "value": "18.130.5.192",
      "type": "string"
    }
  },
  "resources": [
    {
      "mode": "data",
      "type": "aws_iam_policy_document",
      "name": "minecraft_backup_policy",
      "provider": "provider[\"registry.terraform.io/hashicorp/aws\"]",
      "instances": [
        {
          "schema_version": 0,
          "attributes": {
            "id": "3576490389",
            "json": "{\n  \"Version\": \"2012-10-17\",\n  \"Statement\": [\n    {\n      \"Sid\": \"VisualEditor0\",\n      \"Effect\": \"Allow\",\n      \"Action\": [\n        \"s3:UpdateJobStatus\",\n        \"s3:UpdateJobPriority\",\n        \"s3:RestoreObject\",\n        \"s3:ReplicateTags\",\n        \"s3:ReplicateObject\",\n        \"s3:ReplicateDelete\",\n        \"s3:PutStorageLensConfigurationTagging\",\n        \"s3:PutReplicationConfiguration\",\n        \"s3:PutObjectVersionTagging\",\n        \"s3:PutObjectTagging\",\n        \"s3:PutObjectRetention\",\n        \"s3:PutObjectLegalHold\",\n        \"s3:PutObject\",\n        \"s3:PutMetricsConfiguration\",\n        \"s3:PutLifecycleConfiguration\",\n        \"s3:PutJobTagging\",\n        \"s3:PutInventoryConfiguration\",\n        \"s3:PutIntelligentTieringConfiguration\",\n        \"s3:PutEncryptionConfiguration\",\n        \"s3:PutBucketWebsite\",\n        \"s3:PutBucketVersioning\",\n        \"s3:PutBucketTagging\",\n        \"s3:PutBucketRequestPayment\",\n        \"s3:PutBucketOwnershipControls\",\n        \"s3:PutBucketObjectLockConfiguration\",\n        \"s3:PutBucketNotification\",\n        \"s3:PutBucketLogging\",\n        \"s3:PutBucketCORS\",\n        \"s3:PutAnalyticsConfiguration\",\n        \"s3:PutAccessPointConfigurationForObjectLambda\",\n        \"s3:PutAccelerateConfiguration\",\n        \"s3:ListMultipartUploadParts\",\n        \"s3:ListBucketVersions\",\n        \"s3:ListBucketMultipartUploads\",\n        \"s3:ListBucket\",\n        \"s3:InitiateReplication\",\n        \"s3:GetStorageLensDashboard\",\n        \"s3:GetStorageLensConfigurationTagging\",\n        \"s3:GetStorageLensConfiguration\",\n        \"s3:GetReplicationConfiguration\",\n        \"s3:GetObjectVersionTorrent\",\n        \"s3:GetObjectVersionTagging\",\n        \"s3:GetObjectVersionForReplication\",\n        \"s3:GetObjectVersionAttributes\",\n        \"s3:GetObjectVersionAcl\",\n        \"s3:GetObjectVersion\",\n        \"s3:GetObjectTorrent\",\n        \"s3:GetObjectTagging\",\n        \"s3:GetObjectRetention\",\n        \"s3:GetObjectLegalHold\",\n        \"s3:GetObjectAttributes\",\n        \"s3:GetObjectAcl\",\n        \"s3:GetObject\",\n        \"s3:GetMetricsConfiguration\",\n        \"s3:GetLifecycleConfiguration\",\n        \"s3:GetJobTagging\",\n        \"s3:GetInventoryConfiguration\",\n        \"s3:GetIntelligentTieringConfiguration\",\n        \"s3:GetEncryptionConfiguration\",\n        \"s3:GetBucketWebsite\",\n        \"s3:GetBucketVersioning\",\n        \"s3:GetBucketTagging\",\n        \"s3:GetBucketRequestPayment\",\n        \"s3:GetBucketPublicAccessBlock\",\n        \"s3:GetBucketPolicyStatus\",\n        \"s3:GetBucketPolicy\",\n        \"s3:GetBucketOwnershipControls\",\n        \"s3:GetBucketObjectLockConfiguration\",\n        \"s3:GetBucketNotification\",\n        \"s3:GetBucketLogging\",\n        \"s3:GetBucketLocation\",\n        \"s3:GetBucketCORS\",\n        \"s3:GetBucketAcl\",\n        \"s3:GetAnalyticsConfiguration\",\n        \"s3:GetAccessPointPolicyStatusForObjectLambda\",\n        \"s3:GetAccessPointPolicyStatus\",\n        \"s3:GetAccessPointPolicyForObjectLambda\",\n        \"s3:GetAccessPointPolicy\",\n        \"s3:GetAccessPointForObjectLambda\",\n        \"s3:GetAccessPointConfigurationForObjectLambda\",\n        \"s3:GetAccelerateConfiguration\",\n        \"s3:DescribeMultiRegionAccessPointOperation\",\n        \"s3:DescribeJob\",\n        \"s3:DeleteStorageLensConfigurationTagging\",\n        \"s3:DeleteStorageLensConfiguration\",\n        \"s3:DeleteObjectVersionTagging\",\n        \"s3:DeleteObjectVersion\",\n        \"s3:DeleteObjectTagging\",\n        \"s3:DeleteObject\",\n        \"s3:DeleteJobTagging\",\n        \"s3:DeleteBucketWebsite\",\n        \"s3:DeleteBucket\",\n        \"s3:DeleteAccessPointForObjectLambda\",\n        \"s3:DeleteAccessPoint\",\n        \"s3:CreateBucket\",\n        \"s3:CreateAccessPointForObjectLambda\",\n        \"s3:CreateAccessPoint\",\n        \"s3:AbortMultipartUpload\"\n      ],\n      \"Resource\": [\n        \"arn:aws:s3:us-west-2:807845893567:async-request/mrap/*/*\",\n        \"arn:aws:s3:::6883d30d-56e2-480d-9e47-6ec8b5446725\",\n        \"arn:aws:s3:::*/*\",\n        \"arn:aws:s3:*:807845893567:storage-lens/*\",\n        \"arn:aws:s3:*:807845893567:job/*\",\n        \"arn:aws:s3:*:807845893567:accesspoint/*\",\n        \"arn:aws:s3-object-lambda:*:807845893567:accesspoint/*\"\n      ]\n    },\n    {\n      \"Sid\": \"VisualEditor1\",\n      \"Effect\": \"Allow\",\n      \"Action\": [\n        \"s3:GetMultiRegionAccessPointPolicyStatus\",\n        \"s3:GetMultiRegionAccessPointPolicy\",\n        \"s3:GetMultiRegionAccessPoint\",\n        \"s3:DeleteMultiRegionAccessPoint\",\n        \"s3:CreateMultiRegionAccessPoint\"\n      ],\n      \"Resource\": \"arn:aws:s3::807845893567:accesspoint/*\"\n    },\n    {\n      \"Sid\": \"VisualEditor2\",\n      \"Effect\": \"Allow\",\n      \"Action\": [\n        \"s3:PutStorageLensConfiguration\",\n        \"s3:ListStorageLensConfigurations\",\n        \"s3:ListMultiRegionAccessPoints\",\n        \"s3:ListJobs\",\n        \"s3:ListAllMyBuckets\",\n        \"s3:ListAccessPointsForObjectLambda\",\n        \"s3:ListAccessPoints\",\n        \"s3:GetAccountPublicAccessBlock\",\n        \"s3:GetAccessPoint\",\n        \"s3:CreateJob\"\n      ],\n      \"Resource\": \"*\"\n    }\n  ]\n}",
            "override_json": null,
            "override_policy_documents": null,
            "policy_id": null,
            "source_json": null,
            "source_policy_documents": null,
            "statement": [
              {
                "actions": [
                  "s3:AbortMultipartUpload",
                  "s3:CreateAccessPoint",
                  "s3:CreateAccessPointForObjectLambda",
                  "s3:CreateBucket",
                  "s3:DeleteAccessPoint",
                  "s3:DeleteAccessPointForObjectLambda",
                  "s3:DeleteBucket",
                  "s3:DeleteBucketWebsite",
                  "s3:DeleteJobTagging",
                  "s3:DeleteObject",
                  "s3:DeleteObjectTagging",
                  "s3:DeleteObjectVersion",
                  "s3:DeleteObjectVersionTagging",
                  "s3:DeleteStorageLensConfiguration",
                  "s3:DeleteStorageLensConfigurationTagging",
                  "s3:DescribeJob",
                  "s3:DescribeMultiRegionAccessPointOperation",
                  "s3:GetAccelerateConfiguration",
                  "s3:GetAccessPointConfigurationForObjectLambda",
                  "s3:GetAccessPointForObjectLambda",
                  "s3:GetAccessPointPolicy",
                  "s3:GetAccessPointPolicyForObjectLambda",
                  "s3:GetAccessPointPolicyStatus",
                  "s3:GetAccessPointPolicyStatusForObjectLambda",
                  "s3:GetAnalyticsConfiguration",
                  "s3:GetBucketAcl",
                  "s3:GetBucketCORS",
                  "s3:GetBucketLocation",
                  "s3:GetBucketLogging",
                  "s3:GetBucketNotification",
                  "s3:GetBucketObjectLockConfiguration",
                  "s3:GetBucketOwnershipControls",
                  "s3:GetBucketPolicy",
                  "s3:GetBucketPolicyStatus",
                  "s3:GetBucketPublicAccessBlock",
                  "s3:GetBucketRequestPayment",
                  "s3:GetBucketTagging",
                  "s3:GetBucketVersioning",
                  "s3:GetBucketWebsite",
                  "s3:GetEncryptionConfiguration",
                  "s3:GetIntelligentTieringConfiguration",
                  "s3:GetInventoryConfiguration",
                  "s3:GetJobTagging",
                  "s3:GetLifecycleConfiguration",
                  "s3:GetMetricsConfiguration",
                  "s3:GetObject",
                  "s3:GetObjectAcl",
                  "s3:GetObjectAttributes",
                  "s3:GetObjectLegalHold",
                  "s3:GetObjectRetention",
                  "s3:GetObjectTagging",
                  "s3:GetObjectTorrent",
                  "s3:GetObjectVersion",
                  "s3:GetObjectVersionAcl",
                  "s3:GetObjectVersionAttributes",
                  "s3:GetObjectVersionForReplication",
                  "s3:GetObjectVersionTagging",
                  "s3:GetObjectVersionTorrent",
                  "s3:GetReplicationConfiguration",
                  "s3:GetStorageLensConfiguration",
                  "s3:GetStorageLensConfigurationTagging",
                  "s3:GetStorageLensDashboard",
                  "s3:InitiateReplication",
                  "s3:ListBucket",
                  "s3:ListBucketMultipartUploads",
                  "s3:ListBucketVersions",
                  "s3:ListMultipartUploadParts",
                  "s3:PutAccelerateConfiguration",
                  "s3:PutAccessPointConfigurationForObjectLambda",
                  "s3:PutAnalyticsConfiguration",
                  "s3:PutBucketCORS",
                  "s3:PutBucketLogging",
                  "s3:PutBucketNotification",
                  "s3:PutBucketObjectLockConfiguration",
                  "s3:PutBucketOwnershipControls",
                  "s3:PutBucketRequestPayment",
                  "s3:PutBucketTagging",
                  "s3:PutBucketVersioning",
                  "s3:PutBucketWebsite",
                  "s3:PutEncryptionConfiguration",
                  "s3:PutIntelligentTieringConfiguration",
                  "s3:PutInventoryConfiguration",
                  "s3:PutJobTagging",
                  "s3:PutLifecycleConfiguration",
                  "s3:PutMetricsConfiguration",
                  "s3:PutObject",
                  "s3:PutObjectLegalHold",
                  "s3:PutObjectRetention",
                  "s3:PutObjectTagging",
                  "s3:PutObjectVersionTagging",
                  "s3:PutReplicationConfiguration",
                  "s3:PutStorageLensConfigurationTagging",
                  "s3:ReplicateDelete",
                  "s3:ReplicateObject",
                  "s3:ReplicateTags",
                  "s3:RestoreObject",
                  "s3:UpdateJobPriority",
                  "s3:UpdateJobStatus"
                ],
                "condition": [],
                "effect": "Allow",
                "not_actions": [],
                "not_principals": [],
                "not_resources": [],
                "principals": [],
                "resources": [
                  "arn:aws:s3-object-lambda:*:807845893567:accesspoint/*",
                  "arn:aws:s3:*:807845893567:accesspoint/*",
                  "arn:aws:s3:*:807845893567:job/*",
                  "arn:aws:s3:*:807845893567:storage-lens/*",
                  "arn:aws:s3:::*/*",
                  "arn:aws:s3:::6883d30d-56e2-480d-9e47-6ec8b5446725",
                  "arn:aws:s3:us-west-2:807845893567:async-request/mrap/*/*"
                ],
                "sid": "VisualEditor0"
              },
              {
                "actions": [
                  "s3:CreateMultiRegionAccessPoint",
                  "s3:DeleteMultiRegionAccessPoint",
                  "s3:GetMultiRegionAccessPoint",
                  "s3:GetMultiRegionAccessPointPolicy",
                  "s3:GetMultiRegionAccessPointPolicyStatus"
                ],
                "condition": [],
                "effect": "Allow",
                "not_actions": [],
                "not_principals": [],
                "not_resources": [],
                "principals": [],
                "resources": [
                  "arn:aws:s3::807845893567:accesspoint/*"
                ],
                "sid": "VisualEditor1"
              },
              {
                "actions": [
                  "s3:CreateJob",
                  "s3:GetAccessPoint",
                  "s3:GetAccountPublicAccessBlock",
                  "s3:ListAccessPoints",
                  "s3:ListAccessPointsForObjectLambda",
                  "s3:ListAllMyBuckets",
                  "s3:ListJobs",
                  "s3:ListMultiRegionAccessPoints",
                  "s3:ListStorageLensConfigurations",
                  "s3:PutStorageLensConfiguration"
                ],
                "condition": [],
                "effect": "Allow",
                "not_actions": [],
                "not_principals": [],
                "not_resources": [],
                "principals": [],
                "resources": [
                  "*"
                ],
                "sid": "VisualEditor2"
              }
            ],
            "version": "2012-10-17"
          },
          "sensitive_attributes": []
        }
      ]
    },
    {
      "mode": "managed",
      "type": "aws_iam_instance_profile",
      "name": "minecraft_profile",
      "provider": "provider[\"registry.terraform.io/hashicorp/aws\"]",
      "instances": []
    },
    {
      "mode": "managed",
      "type": "aws_instance",
      "name": "instance",
      "provider": "provider[\"registry.terraform.io/hashicorp/aws\"]",
      "instances": [
        {
          "schema_version": 1,
          "attributes": {
            "ami": "ami-0fb391cce7a602d1f",
            "arn": "arn:aws:ec2:eu-west-2:807845893567:instance/i-0031fb91187efbc26",
            "associate_public_ip_address": true,
            "availability_zone": "eu-west-2b",
            "capacity_reservation_specification": [
              {
                "capacity_reservation_preference": "open",
                "capacity_reservation_target": []
              }
            ],
            "cpu_core_count": 1,
            "cpu_threads_per_core": 2,
            "credit_specification": [],
            "disable_api_stop": false,
            "disable_api_termination": false,
            "ebs_block_device": [],
            "ebs_optimized": false,
            "enclave_options": [
              {
                "enabled": false
              }
            ],
            "ephemeral_block_device": [],
            "get_password_data": false,
            "hibernation": false,
            "host_id": null,
            "iam_instance_profile": "",
            "id": "i-0031fb91187efbc26",
            "instance_initiated_shutdown_behavior": "stop",
            "instance_state": "running",
            "instance_type": "m5.large",
            "ipv6_address_count": 0,
            "ipv6_addresses": [],
            "key_name": "ssh-key",
            "launch_template": [],
            "maintenance_options": [
              {
                "auto_recovery": "default"
              }
            ],
            "metadata_options": [
              {
                "http_endpoint": "enabled",
                "http_put_response_hop_limit": 1,
                "http_tokens": "optional",
                "instance_metadata_tags": "disabled"
              }
            ],
            "monitoring": false,
            "network_interface": [],
            "outpost_arn": "",
            "password_data": "",
            "placement_group": "",
            "placement_partition_number": null,
            "primary_network_interface_id": "eni-0a43e6e72c17d469e",
            "private_dns": "ip-172-31-45-71.eu-west-2.compute.internal",
            "private_dns_name_options": [
              {
                "enable_resource_name_dns_a_record": false,
                "enable_resource_name_dns_aaaa_record": false,
                "hostname_type": "ip-name"
              }
            ],
            "private_ip": "172.31.45.71",
            "public_dns": "ec2-18-130-5-192.eu-west-2.compute.amazonaws.com",
            "public_ip": "18.130.5.192",
            "root_block_device": [
              {
                "delete_on_termination": true,
                "device_name": "/dev/sda1",
                "encrypted": false,
                "iops": 100,
                "kms_key_id": "",
                "tags": {},
                "throughput": 0,
                "volume_id": "vol-0ebfae81452f81218",
                "volume_size": 8,
                "volume_type": "gp2"
              }
            ],
            "secondary_private_ips": [],
            "security_groups": [
              "default"
            ],
            "source_dest_check": true,
            "subnet_id": "subnet-1745ef5b",
            "tags": {
              "Name": "Minecraft"
            },
            "tags_all": {
              "Name": "Minecraft"
            },
            "tenancy": "default",
            "timeouts": null,
            "user_data": null,
            "user_data_base64": null,
            "user_data_replace_on_change": false,
            "volume_tags": null,
            "vpc_security_group_ids": [
              "sg-8033e0e6"
            ]
          },
          "sensitive_attributes": [],
          "private": "eyJlMmJmYjczMC1lY2FhLTExZTYtOGY4OC0zNDM2M2JjN2M0YzAiOnsiY3JlYXRlIjo2MDAwMDAwMDAwMDAsImRlbGV0ZSI6MTIwMDAwMDAwMDAwMCwidXBkYXRlIjo2MDAwMDAwMDAwMDB9LCJzY2hlbWFfdmVyc2lvbiI6IjEifQ==",
          "dependencies": [
            "aws_iam_instance_profile.minecraft_profile",
            "aws_iam_role.minecraft_backup_role",
            "data.aws_iam_policy_document.minecraft_backup_policy"
          ]
        }
      ]
    },
    {
      "mode": "managed",
      "type": "aws_key_pair",
      "name": "ssh-key",
      "provider": "provider[\"registry.terraform.io/hashicorp/aws\"]",
      "instances": [
        {
          "schema_version": 1,
          "attributes": {
            "arn": "arn:aws:ec2:eu-west-2:807845893567:key-pair/ssh-key",
            "fingerprint": "a3:91:60:e1:e5:91:df:42:2e:b2:56:49:dc:b9:1d:e7",
            "id": "ssh-key",
            "key_name": "ssh-key",
            "key_name_prefix": "",
            "key_pair_id": "key-0e8de072585b9d0d3",
            "public_key": "ssh-rsa AAAAB3NzaC1yc2EAAAADAQABAAABAQCUtVGOFAS2NuRC6YA95U0LlfrvbXYzNfqDEUd0SGfMK/GBCUDoWYUseiiwNUl/7BRErkAwruJVJbsp6QdCERps5qvX/EOqSv28GHDfYlG5bz8EdbF2TkILhiVNaoqOaXOCbWyZCYehCLXW2XgdVqI/SxgSqlegBfab7gm03VszKKQjpWlFYYlxNTHuk2FsEhykvdbmBfDANXlfS+ivNArEG2jRucme0DbdpsTX0+CJWQ3KMtPgHsemY+4VhFMLVfarAp4Fx9tWoW9mVXH6aG/9kJHYKVHnwynTNzrrmGatn/iFqAQQtjrYNPgq5N0p1So8TuhWOZN6pQSYzHO4dXVN",
            "tags": {},
            "tags_all": {}
          },
          "sensitive_attributes": [],
          "private": "eyJzY2hlbWFfdmVyc2lvbiI6IjEifQ=="
        }
      ]
    },
    {
      "mode": "managed",
      "type": "aws_s3_bucket",
      "name": "minecraft_backup",
      "provider": "provider[\"registry.terraform.io/hashicorp/aws\"]",
      "instances": [
        {
          "schema_version": 0,
          "attributes": {
            "acceleration_status": "",
            "acl": null,
            "arn": "arn:aws:s3:::minecraft-backup-6883d30d-56e2-480d-9e47-6ec8b5446725",
            "bucket": "minecraft-backup-6883d30d-56e2-480d-9e47-6ec8b5446725",
            "bucket_domain_name": "minecraft-backup-6883d30d-56e2-480d-9e47-6ec8b5446725.s3.amazonaws.com",
            "bucket_prefix": null,
            "bucket_regional_domain_name": "minecraft-backup-6883d30d-56e2-480d-9e47-6ec8b5446725.s3.eu-west-2.amazonaws.com",
            "cors_rule": [],
            "force_destroy": false,
            "grant": [
              {
                "id": "ce9a4d9c9618149afaaf723848b42b029b6efa3cdeeabb3c935e77ac3040855d",
                "permissions": [
                  "FULL_CONTROL"
                ],
                "type": "CanonicalUser",
                "uri": ""
              }
            ],
            "hosted_zone_id": "Z3GKZC51ZF0DB4",
            "id": "minecraft-backup-6883d30d-56e2-480d-9e47-6ec8b5446725",
            "lifecycle_rule": [],
            "logging": [],
            "object_lock_configuration": [],
            "object_lock_enabled": false,
            "policy": "",
            "region": "eu-west-2",
            "replication_configuration": [],
            "request_payer": "BucketOwner",
            "server_side_encryption_configuration": [],
            "tags": {
              "project": "minecraft"
            },
            "tags_all": {
              "project": "minecraft"
            },
            "versioning": [
              {
                "enabled": false,
                "mfa_delete": false
              }
            ],
            "website": [],
            "website_domain": null,
            "website_endpoint": null
          },
          "sensitive_attributes": [],
          "private": "bnVsbA=="
        }
      ]
    }
  ]
}
