{
  "version": 4,
  "terraform_version": "1.2.3",
  "serial": 73,
  "lineage": "f71c2a74-b4a3-9b21-bd72-c382dd933a42",
  "outputs": {
    "instance_ip": {
      "value": "13.40.195.170",
      "type": "string"
    }
  },
  "resources": [
    {
      "mode": "managed",
      "type": "aws_instance",
      "name": "instance",
      "provider": "provider[\"registry.terraform.io/hashicorp/aws\"]",
      "instances": [
        {
          "schema_version": 1,
          "attributes": {
            "ami": "ami-0fb391cce7a602d1f",
            "arn": "arn:aws:ec2:eu-west-2:807845893567:instance/i-09c22f16f12bd4b1b",
            "associate_public_ip_address": true,
            "availability_zone": "eu-west-2b",
            "capacity_reservation_specification": [
              {
                "capacity_reservation_preference": "open",
                "capacity_reservation_target": []
              }
            ],
            "cpu_core_count": 1,
            "cpu_threads_per_core": 2,
            "credit_specification": [],
            "disable_api_stop": false,
            "disable_api_termination": false,
            "ebs_block_device": [],
            "ebs_optimized": false,
            "enclave_options": [
              {
                "enabled": false
              }
            ],
            "ephemeral_block_device": [],
            "get_password_data": false,
            "hibernation": false,
            "host_id": null,
            "iam_instance_profile": "",
            "id": "i-09c22f16f12bd4b1b",
            "instance_initiated_shutdown_behavior": "stop",
            "instance_state": "running",
            "instance_type": "m5.large",
            "ipv6_address_count": 0,
            "ipv6_addresses": [],
            "key_name": "ssh-key",
            "launch_template": [],
            "maintenance_options": [
              {
                "auto_recovery": "default"
              }
            ],
            "metadata_options": [
              {
                "http_endpoint": "enabled",
                "http_put_response_hop_limit": 1,
                "http_tokens": "optional",
                "instance_metadata_tags": "disabled"
              }
            ],
            "monitoring": false,
            "network_interface": [],
            "outpost_arn": "",
            "password_data": "",
            "placement_group": "",
            "placement_partition_number": null,
            "primary_network_interface_id": "eni-05f7c8de576b6715c",
            "private_dns": "ip-172-31-46-33.eu-west-2.compute.internal",
            "private_dns_name_options": [
              {
                "enable_resource_name_dns_a_record": false,
                "enable_resource_name_dns_aaaa_record": false,
                "hostname_type": "ip-name"
              }
            ],
            "private_ip": "172.31.46.33",
            "public_dns": "ec2-13-40-195-170.eu-west-2.compute.amazonaws.com",
            "public_ip": "13.40.195.170",
            "root_block_device": [
              {
                "delete_on_termination": true,
                "device_name": "/dev/sda1",
                "encrypted": false,
                "iops": 100,
                "kms_key_id": "",
                "tags": {},
                "throughput": 0,
                "volume_id": "vol-0c128692eb5fbbf72",
                "volume_size": 8,
                "volume_type": "gp2"
              }
            ],
            "secondary_private_ips": [],
            "security_groups": [
              "default"
            ],
            "source_dest_check": true,
            "subnet_id": "subnet-1745ef5b",
            "tags": {
              "Name": "Minecraft"
            },
            "tags_all": {
              "Name": "Minecraft"
            },
            "tenancy": "default",
            "timeouts": null,
            "user_data": null,
            "user_data_base64": null,
            "user_data_replace_on_change": false,
            "volume_tags": null,
            "vpc_security_group_ids": [
              "sg-8033e0e6"
            ]
          },
          "sensitive_attributes": [],
          "private": "eyJlMmJmYjczMC1lY2FhLTExZTYtOGY4OC0zNDM2M2JjN2M0YzAiOnsiY3JlYXRlIjo2MDAwMDAwMDAwMDAsImRlbGV0ZSI6MTIwMDAwMDAwMDAwMCwidXBkYXRlIjo2MDAwMDAwMDAwMDB9LCJzY2hlbWFfdmVyc2lvbiI6IjEifQ=="
        }
      ]
    },
    {
      "mode": "managed",
      "type": "aws_key_pair",
      "name": "ssh-key",
      "provider": "provider[\"registry.terraform.io/hashicorp/aws\"]",
      "instances": [
        {
          "schema_version": 1,
          "attributes": {
            "arn": "arn:aws:ec2:eu-west-2:807845893567:key-pair/ssh-key",
            "fingerprint": "a3:91:60:e1:e5:91:df:42:2e:b2:56:49:dc:b9:1d:e7",
            "id": "ssh-key",
            "key_name": "ssh-key",
            "key_name_prefix": "",
            "key_pair_id": "key-0a87b30aceca949ea",
            "public_key": "ssh-rsa AAAAB3NzaC1yc2EAAAADAQABAAABAQCUtVGOFAS2NuRC6YA95U0LlfrvbXYzNfqDEUd0SGfMK/GBCUDoWYUseiiwNUl/7BRErkAwruJVJbsp6QdCERps5qvX/EOqSv28GHDfYlG5bz8EdbF2TkILhiVNaoqOaXOCbWyZCYehCLXW2XgdVqI/SxgSqlegBfab7gm03VszKKQjpWlFYYlxNTHuk2FsEhykvdbmBfDANXlfS+ivNArEG2jRucme0DbdpsTX0+CJWQ3KMtPgHsemY+4VhFMLVfarAp4Fx9tWoW9mVXH6aG/9kJHYKVHnwynTNzrrmGatn/iFqAQQtjrYNPgq5N0p1So8TuhWOZN6pQSYzHO4dXVN",
            "tags": null,
            "tags_all": {}
          },
          "sensitive_attributes": [],
          "private": "eyJzY2hlbWFfdmVyc2lvbiI6IjEifQ=="
        }
      ]
    }
  ]
}
