{
  "version": 4,
  "terraform_version": "1.2.3",
  "serial": 681,
  "lineage": "f71c2a74-b4a3-9b21-bd72-c382dd933a42",
  "outputs": {},
  "resources": [
    {
      "mode": "managed",
      "type": "aws_s3_bucket",
      "name": "apps_bucket",
      "provider": "provider[\"registry.terraform.io/hashicorp/aws\"]",
      "instances": [
        {
          "schema_version": 0,
          "attributes": {
            "acceleration_status": "",
            "acl": "private",
            "arn": "arn:aws:s3:::minecraft-backups-ea33578e-183a-4888-8716-8c001c7144c9",
            "bucket": "minecraft-backups-ea33578e-183a-4888-8716-8c001c7144c9",
            "bucket_domain_name": "minecraft-backups-ea33578e-183a-4888-8716-8c001c7144c9.s3.amazonaws.com",
            "bucket_prefix": null,
            "bucket_regional_domain_name": "minecraft-backups-ea33578e-183a-4888-8716-8c001c7144c9.s3.eu-west-2.amazonaws.com",
            "cors_rule": [],
            "force_destroy": false,
            "grant": [
              {
                "id": "ce9a4d9c9618149afaaf723848b42b029b6efa3cdeeabb3c935e77ac3040855d",
                "permissions": [
                  "FULL_CONTROL"
                ],
                "type": "CanonicalUser",
                "uri": ""
              }
            ],
            "hosted_zone_id": "Z3GKZC51ZF0DB4",
            "id": "minecraft-backups-ea33578e-183a-4888-8716-8c001c7144c9",
            "lifecycle_rule": [
              {
                "abort_incomplete_multipart_upload_days": 0,
                "enabled": true,
                "expiration": [
                  {
                    "date": "",
                    "days": 7,
                    "expired_object_delete_marker": false
                  }
                ],
                "id": "expire_after_7_days",
                "noncurrent_version_expiration": [],
                "noncurrent_version_transition": [],
                "prefix": "",
                "tags": {},
                "transition": []
              }
            ],
            "logging": [],
            "object_lock_configuration": [],
            "object_lock_enabled": false,
            "policy": "",
            "region": "eu-west-2",
            "replication_configuration": [],
            "request_payer": "BucketOwner",
            "server_side_encryption_configuration": [],
            "tags": {},
            "tags_all": {},
            "versioning": [
              {
                "enabled": false,
                "mfa_delete": false
              }
            ],
            "website": [],
            "website_domain": null,
            "website_endpoint": null
          },
          "sensitive_attributes": [],
          "private": "bnVsbA=="
        }
      ]
    }
  ]
}
